
Microsoft Visual Studio Solution File, Format Version 12.00
# Visual Studio Version 17
VisualStudioVersion = 17.10.35013.160
MinimumVisualStudioVersion = 10.0.40219.1
Project("{FAE04EC0-301F-11D3-BF4B-00C04F79EFBC}") = "TextSeeker", "TextSeeker.csproj", "{BF4889B2-5E50-44E8-9EBE-711B3A3E7670}"
EndProject
Global
	GlobalSection(SolutionConfigurationPlatforms) = preSolution
		Debug|Any CPU = Debug|Any CPU
		Release|Any CPU = Release|Any CPU
	EndGlobalSection
	GlobalSection(ProjectConfigurationPlatforms) = postSolution
		{BF4889B2-5E50-44E8-9EBE-711B3A3E7670}.Debug|Any CPU.ActiveCfg = Debug|Any CPU
		{BF4889B2-5E50-44E8-9EBE-711B3A3E7670}.Debug|Any CPU.Build.0 = Debug|Any CPU
		{BF4889B2-5E50-44E8-9EBE-711B3A3E7670}.Release|Any CPU.ActiveCfg = Release|Any CPU
		{BF4889B2-5E50-44E8-9EBE-711B3A3E7670}.Release|Any CPU.Build.0 = Release|Any CPU
	EndGlobalSection
	GlobalSection(SolutionProperties) = preSolution
		HideSolutionNode = FALSE
	EndGlobalSection
	GlobalSection(ExtensibilityGlobals) = postSolution
		SolutionGuid = {A1D08493-0C3E-461B-B878-7530BC6FE1D5}
	EndGlobalSection
EndGlobal
